
Microsoft Visual Studio Solution File, Format Version 12.00
# Visual Studio Version 16
VisualStudioVersion = 16.0.30011.22
MinimumVisualStudioVersion = 10.0.40219.1
Project("{FAE04EC0-301F-11D3-BF4B-00C04F79EFBC}") = "chat-signalr-reactjs", "chat-signalr-reactjs.csproj", "{FEBA4847-A8DC-4E94-B243-698710E4FF25}"
EndProject
Global
	GlobalSection(SolutionConfigurationPlatforms) = preSolution
		Debug|Any CPU = Debug|Any CPU
		Release|Any CPU = Release|Any CPU
	EndGlobalSection
	GlobalSection(ProjectConfigurationPlatforms) = postSolution
		{FEBA4847-A8DC-4E94-B243-698710E4FF25}.Debug|Any CPU.ActiveCfg = Debug|Any CPU
		{FEBA4847-A8DC-4E94-B243-698710E4FF25}.Debug|Any CPU.Build.0 = Debug|Any CPU
		{FEBA4847-A8DC-4E94-B243-698710E4FF25}.Release|Any CPU.ActiveCfg = Release|Any CPU
		{FEBA4847-A8DC-4E94-B243-698710E4FF25}.Release|Any CPU.Build.0 = Release|Any CPU
	EndGlobalSection
	GlobalSection(SolutionProperties) = preSolution
		HideSolutionNode = FALSE
	EndGlobalSection
	GlobalSection(ExtensibilityGlobals) = postSolution
		SolutionGuid = {67CA1541-1B07-4B51-A4EA-EC3645E67453}
	EndGlobalSection
EndGlobal
